
Microsoft Visual Studio Solution File, Format Version 12.00
# Visual Studio Version 17
VisualStudioVersion = 17.5.002.0
MinimumVisualStudioVersion = 10.0.40219.1
Project("{9A19103F-16F7-4668-BE54-9A1E7A4F7556}") = "Atv4", "Atv4.csproj", "{C38D062E-405A-4B2A-BE81-0A182E383348}"
EndProject
Global
	GlobalSection(SolutionConfigurationPlatforms) = preSolution
		Debug|Any CPU = Debug|Any CPU
		Release|Any CPU = Release|Any CPU
	EndGlobalSection
	GlobalSection(ProjectConfigurationPlatforms) = postSolution
		{C38D062E-405A-4B2A-BE81-0A182E383348}.Debug|Any CPU.ActiveCfg = Debug|Any CPU
		{C38D062E-405A-4B2A-BE81-0A182E383348}.Debug|Any CPU.Build.0 = Debug|Any CPU
		{C38D062E-405A-4B2A-BE81-0A182E383348}.Release|Any CPU.ActiveCfg = Release|Any CPU
		{C38D062E-405A-4B2A-BE81-0A182E383348}.Release|Any CPU.Build.0 = Release|Any CPU
	EndGlobalSection
	GlobalSection(SolutionProperties) = preSolution
		HideSolutionNode = FALSE
	EndGlobalSection
	GlobalSection(ExtensibilityGlobals) = postSolution
		SolutionGuid = {E37527C1-1C3C-41AC-A735-E60CF632C0B6}
	EndGlobalSection
EndGlobal
